// !$*UTF8*$!
{
	archiveVersion = 1;
	classes = {
	};
	objectVersion = 46;
	objects = {

/* Begin PBXAggregateTarget section */
		659BEAD720732FED00BA7BD7 /* doc */ = {
			isa = PBXAggregateTarget;
			buildConfigurationList = 659BEADA20732FED00BA7BD7 /* Build configuration list for PBXAggregateTarget "doc" */;
			buildPhases = (
				659BEADB20732FF900BA7BD7 /* ShellScript */,
			);
			dependencies = (
			);
			name = doc;
			productName = doc;
		};
/* End PBXAggregateTarget section */

/* Begin PBXBuildFile section */
		142D13BE500434649BF9E7A2 /* libPods-WebPToolsUITests.a in Frameworks */ = {isa = PBXBuildFile; fileRef = BAFC111409E8CA97DF4D0215 /* libPods-WebPToolsUITests.a */; };
		6549EF061FB4683A0084DB80 /* loading_0@2x.png in Resources */ = {isa = PBXBuildFile; fileRef = 6549EEE81FB4683A0084DB80 /* loading_0@2x.png */; };
		6549EF071FB4683A0084DB80 /* loading_10@2x.png in Resources */ = {isa = PBXBuildFile; fileRef = 6549EEE91FB4683A0084DB80 /* loading_10@2x.png */; };
		6549EF081FB4683A0084DB80 /* loading_11@2x.png in Resources */ = {isa = PBXBuildFile; fileRef = 6549EEEA1FB4683A0084DB80 /* loading_11@2x.png */; };
		6549EF091FB4683A0084DB80 /* loading_12@2x.png in Resources */ = {isa = PBXBuildFile; fileRef = 6549EEEB1FB4683A0084DB80 /* loading_12@2x.png */; };
		6549EF0A1FB4683A0084DB80 /* loading_13@2x.png in Resources */ = {isa = PBXBuildFile; fileRef = 6549EEEC1FB4683A0084DB80 /* loading_13@2x.png */; };
		6549EF0B1FB4683A0084DB80 /* loading_14@2x.png in Resources */ = {isa = PBXBuildFile; fileRef = 6549EEED1FB4683A0084DB80 /* loading_14@2x.png */; };
		6549EF0C1FB4683A0084DB80 /* loading_15@2x.png in Resources */ = {isa = PBXBuildFile; fileRef = 6549EEEE1FB4683A0084DB80 /* loading_15@2x.png */; };
		6549EF0D1FB4683A0084DB80 /* loading_16@2x.png in Resources */ = {isa = PBXBuildFile; fileRef = 6549EEEF1FB4683A0084DB80 /* loading_16@2x.png */; };
		6549EF0E1FB4683A0084DB80 /* loading_17@2x.png in Resources */ = {isa = PBXBuildFile; fileRef = 6549EEF01FB4683A0084DB80 /* loading_17@2x.png */; };
		6549EF0F1FB4683A0084DB80 /* loading_18@2x.png in Resources */ = {isa = PBXBuildFile; fileRef = 6549EEF11FB4683A0084DB80 /* loading_18@2x.png */; };
		6549EF101FB4683A0084DB80 /* loading_19@2x.png in Resources */ = {isa = PBXBuildFile; fileRef = 6549EEF21FB4683A0084DB80 /* loading_19@2x.png */; };
		6549EF111FB4683A0084DB80 /* loading_1@2x.png in Resources */ = {isa = PBXBuildFile; fileRef = 6549EEF31FB4683A0084DB80 /* loading_1@2x.png */; };
		6549EF121FB4683A0084DB80 /* loading_20@2x.png in Resources */ = {isa = PBXBuildFile; fileRef = 6549EEF41FB4683A0084DB80 /* loading_20@2x.png */; };
		6549EF131FB4683A0084DB80 /* loading_21@2x.png in Resources */ = {isa = PBXBuildFile; fileRef = 6549EEF51FB4683A0084DB80 /* loading_21@2x.png */; };
		6549EF141FB4683A0084DB80 /* loading_22@2x.png in Resources */ = {isa = PBXBuildFile; fileRef = 6549EEF61FB4683A0084DB80 /* loading_22@2x.png */; };
		6549EF151FB4683A0084DB80 /* loading_23@2x.png in Resources */ = {isa = PBXBuildFile; fileRef = 6549EEF71FB4683A0084DB80 /* loading_23@2x.png */; };
		6549EF161FB4683A0084DB80 /* loading_24@2x.png in Resources */ = {isa = PBXBuildFile; fileRef = 6549EEF81FB4683A0084DB80 /* loading_24@2x.png */; };
		6549EF171FB4683A0084DB80 /* loading_25@2x.png in Resources */ = {isa = PBXBuildFile; fileRef = 6549EEF91FB4683A0084DB80 /* loading_25@2x.png */; };
		6549EF181FB4683A0084DB80 /* loading_26@2x.png in Resources */ = {isa = PBXBuildFile; fileRef = 6549EEFA1FB4683A0084DB80 /* loading_26@2x.png */; };
		6549EF191FB4683A0084DB80 /* loading_27@2x.png in Resources */ = {isa = PBXBuildFile; fileRef = 6549EEFB1FB4683A0084DB80 /* loading_27@2x.png */; };
		6549EF1A1FB4683A0084DB80 /* loading_28@2x.png in Resources */ = {isa = PBXBuildFile; fileRef = 6549EEFC1FB4683A0084DB80 /* loading_28@2x.png */; };
		6549EF1B1FB4683A0084DB80 /* loading_29@2x.png in Resources */ = {isa = PBXBuildFile; fileRef = 6549EEFD1FB4683A0084DB80 /* loading_29@2x.png */; };
		6549EF1C1FB4683A0084DB80 /* loading_2@2x.png in Resources */ = {isa = PBXBuildFile; fileRef = 6549EEFE1FB4683A0084DB80 /* loading_2@2x.png */; };
		6549EF1D1FB4683A0084DB80 /* loading_3@2x.png in Resources */ = {isa = PBXBuildFile; fileRef = 6549EEFF1FB4683A0084DB80 /* loading_3@2x.png */; };
		6549EF1E1FB4683A0084DB80 /* loading_4@2x.png in Resources */ = {isa = PBXBuildFile; fileRef = 6549EF001FB4683A0084DB80 /* loading_4@2x.png */; };
		6549EF1F1FB4683A0084DB80 /* loading_5@2x.png in Resources */ = {isa = PBXBuildFile; fileRef = 6549EF011FB4683A0084DB80 /* loading_5@2x.png */; };
		6549EF201FB4683A0084DB80 /* loading_6@2x.png in Resources */ = {isa = PBXBuildFile; fileRef = 6549EF021FB4683A0084DB80 /* loading_6@2x.png */; };
		6549EF211FB4683A0084DB80 /* loading_7@2x.png in Resources */ = {isa = PBXBuildFile; fileRef = 6549EF031FB4683A0084DB80 /* loading_7@2x.png */; };
		6549EF221FB4683A0084DB80 /* loading_8@2x.png in Resources */ = {isa = PBXBuildFile; fileRef = 6549EF041FB4683A0084DB80 /* loading_8@2x.png */; };
		6549EF231FB4683A0084DB80 /* loading_9@2x.png in Resources */ = {isa = PBXBuildFile; fileRef = 6549EF051FB4683A0084DB80 /* loading_9@2x.png */; };
		657689F71F9F06640001219F /* libz.tbd in Frameworks */ = {isa = PBXBuildFile; fileRef = 657689F61F9F06640001219F /* libz.tbd */; };
		657689FD1F9F0BCB0001219F /* NXWebpEncoder.m in Sources */ = {isa = PBXBuildFile; fileRef = 657689FC1F9F0BCB0001219F /* NXWebpEncoder.m */; };
		65C552501FA03D980093E5B5 /* Chess.icns in Resources */ = {isa = PBXBuildFile; fileRef = 65C5524F1FA03D980093E5B5 /* Chess.icns */; };
		65F7137D1F9EF67A00B692F7 /* AppDelegate.m in Sources */ = {isa = PBXBuildFile; fileRef = 65F7137C1F9EF67A00B692F7 /* AppDelegate.m */; };
		65F713801F9EF67A00B692F7 /* main.m in Sources */ = {isa = PBXBuildFile; fileRef = 65F7137F1F9EF67A00B692F7 /* main.m */; };
		65F713831F9EF67A00B692F7 /* ViewController.m in Sources */ = {isa = PBXBuildFile; fileRef = 65F713821F9EF67A00B692F7 /* ViewController.m */; };
		65F713851F9EF67A00B692F7 /* Assets.xcassets in Resources */ = {isa = PBXBuildFile; fileRef = 65F713841F9EF67A00B692F7 /* Assets.xcassets */; };
		65F713881F9EF67A00B692F7 /* Main.storyboard in Resources */ = {isa = PBXBuildFile; fileRef = 65F713861F9EF67A00B692F7 /* Main.storyboard */; };
		65F713931F9EF67A00B692F7 /* WebPToolsTests.m in Sources */ = {isa = PBXBuildFile; fileRef = 65F713921F9EF67A00B692F7 /* WebPToolsTests.m */; };
		65F7139E1F9EF67A00B692F7 /* WebPToolsUITests.m in Sources */ = {isa = PBXBuildFile; fileRef = 65F7139D1F9EF67A00B692F7 /* WebPToolsUITests.m */; };
		B67D38C1B20B9D3C9B7E3313 /* libPods-WebPTools.a in Frameworks */ = {isa = PBXBuildFile; fileRef = 4CFAD6EE96F7F397CE9851E8 /* libPods-WebPTools.a */; };
		E8F99F71F2AC6834A5C9D1BA /* libPods-WebPToolsTests.a in Frameworks */ = {isa = PBXBuildFile; fileRef = 72ED2D1AF18AAF0827C6DBF6 /* libPods-WebPToolsTests.a */; };
/* End PBXBuildFile section */

/* Begin PBXContainerItemProxy section */
		65F7138F1F9EF67A00B692F7 /* PBXContainerItemProxy */ = {
			isa = PBXContainerItemProxy;
			containerPortal = 65F713701F9EF67A00B692F7 /* Project object */;
			proxyType = 1;
			remoteGlobalIDString = 65F713771F9EF67A00B692F7;
			remoteInfo = WebPTools;
		};
		65F7139A1F9EF67A00B692F7 /* PBXContainerItemProxy */ = {
			isa = PBXContainerItemProxy;
			containerPortal = 65F713701F9EF67A00B692F7 /* Project object */;
			proxyType = 1;
			remoteGlobalIDString = 65F713771F9EF67A00B692F7;
			remoteInfo = WebPTools;
		};
/* End PBXContainerItemProxy section */

/* Begin PBXFileReference section */
		05EC15178D79C89AD38D6AD6 /* Pods-WebPToolsTests.release.xcconfig */ = {isa = PBXFileReference; includeInIndex = 1; lastKnownFileType = text.xcconfig; name = "Pods-WebPToolsTests.release.xcconfig"; path = "Pods/Target Support Files/Pods-WebPToolsTests/Pods-WebPToolsTests.release.xcconfig"; sourceTree = "<group>"; };
		0CB78A95339370E73F7CFD65 /* Pods-WebPToolsUITests.release.xcconfig */ = {isa = PBXFileReference; includeInIndex = 1; lastKnownFileType = text.xcconfig; name = "Pods-WebPToolsUITests.release.xcconfig"; path = "Pods/Target Support Files/Pods-WebPToolsUITests/Pods-WebPToolsUITests.release.xcconfig"; sourceTree = "<group>"; };
		496CEB723CD91E4BDEDA6EAD /* Pods-WebPToolsTests.debug.xcconfig */ = {isa = PBXFileReference; includeInIndex = 1; lastKnownFileType = text.xcconfig; name = "Pods-WebPToolsTests.debug.xcconfig"; path = "Pods/Target Support Files/Pods-WebPToolsTests/Pods-WebPToolsTests.debug.xcconfig"; sourceTree = "<group>"; };
		4CFAD6EE96F7F397CE9851E8 /* libPods-WebPTools.a */ = {isa = PBXFileReference; explicitFileType = archive.ar; includeInIndex = 0; path = "libPods-WebPTools.a"; sourceTree = BUILT_PRODUCTS_DIR; };
		5F0F3B2A4F07AD8600F20E3B /* Pods-WebPToolsUITests.debug.xcconfig */ = {isa = PBXFileReference; includeInIndex = 1; lastKnownFileType = text.xcconfig; name = "Pods-WebPToolsUITests.debug.xcconfig"; path = "Pods/Target Support Files/Pods-WebPToolsUITests/Pods-WebPToolsUITests.debug.xcconfig"; sourceTree = "<group>"; };
		6549EEE81FB4683A0084DB80 /* loading_0@2x.png */ = {isa = PBXFileReference; lastKnownFileType = image.png; path = "loading_0@2x.png"; sourceTree = "<group>"; };
		6549EEE91FB4683A0084DB80 /* loading_10@2x.png */ = {isa = PBXFileReference; lastKnownFileType = image.png; path = "loading_10@2x.png"; sourceTree = "<group>"; };
		6549EEEA1FB4683A0084DB80 /* loading_11@2x.png */ = {isa = PBXFileReference; lastKnownFileType = image.png; path = "loading_11@2x.png"; sourceTree = "<group>"; };
		6549EEEB1FB4683A0084DB80 /* loading_12@2x.png */ = {isa = PBXFileReference; lastKnownFileType = image.png; path = "loading_12@2x.png"; sourceTree = "<group>"; };
		6549EEEC1FB4683A0084DB80 /* loading_13@2x.png */ = {isa = PBXFileReference; lastKnownFileType = image.png; path = "loading_13@2x.png"; sourceTree = "<group>"; };
		6549EEED1FB4683A0084DB80 /* loading_14@2x.png */ = {isa = PBXFileReference; lastKnownFileType = image.png; path = "loading_14@2x.png"; sourceTree = "<group>"; };
		6549EEEE1FB4683A0084DB80 /* loading_15@2x.png */ = {isa = PBXFileReference; lastKnownFileType = image.png; path = "loading_15@2x.png"; sourceTree = "<group>"; };
		6549EEEF1FB4683A0084DB80 /* loading_16@2x.png */ = {isa = PBXFileReference; lastKnownFileType = image.png; path = "loading_16@2x.png"; sourceTree = "<group>"; };
		6549EEF01FB4683A0084DB80 /* loading_17@2x.png */ = {isa = PBXFileReference; lastKnownFileType = image.png; path = "loading_17@2x.png"; sourceTree = "<group>"; };
		6549EEF11FB4683A0084DB80 /* loading_18@2x.png */ = {isa = PBXFileReference; lastKnownFileType = image.png; path = "loading_18@2x.png"; sourceTree = "<group>"; };
		6549EEF21FB4683A0084DB80 /* loading_19@2x.png */ = {isa = PBXFileReference; lastKnownFileType = image.png; path = "loading_19@2x.png"; sourceTree = "<group>"; };
		6549EEF31FB4683A0084DB80 /* loading_1@2x.png */ = {isa = PBXFileReference; lastKnownFileType = image.png; path = "loading_1@2x.png"; sourceTree = "<group>"; };
		6549EEF41FB4683A0084DB80 /* loading_20@2x.png */ = {isa = PBXFileReference; lastKnownFileType = image.png; path = "loading_20@2x.png"; sourceTree = "<group>"; };
		6549EEF51FB4683A0084DB80 /* loading_21@2x.png */ = {isa = PBXFileReference; lastKnownFileType = image.png; path = "loading_21@2x.png"; sourceTree = "<group>"; };
		6549EEF61FB4683A0084DB80 /* loading_22@2x.png */ = {isa = PBXFileReference; lastKnownFileType = image.png; path = "loading_22@2x.png"; sourceTree = "<group>"; };
		6549EEF71FB4683A0084DB80 /* loading_23@2x.png */ = {isa = PBXFileReference; lastKnownFileType = image.png; path = "loading_23@2x.png"; sourceTree = "<group>"; };
		6549EEF81FB4683A0084DB80 /* loading_24@2x.png */ = {isa = PBXFileReference; lastKnownFileType = image.png; path = "loading_24@2x.png"; sourceTree = "<group>"; };
		6549EEF91FB4683A0084DB80 /* loading_25@2x.png */ = {isa = PBXFileReference; lastKnownFileType = image.png; path = "loading_25@2x.png"; sourceTree = "<group>"; };
		6549EEFA1FB4683A0084DB80 /* loading_26@2x.png */ = {isa = PBXFileReference; lastKnownFileType = image.png; path = "loading_26@2x.png"; sourceTree = "<group>"; };
		6549EEFB1FB4683A0084DB80 /* loading_27@2x.png */ = {isa = PBXFileReference; lastKnownFileType = image.png; path = "loading_27@2x.png"; sourceTree = "<group>"; };
		6549EEFC1FB4683A0084DB80 /* loading_28@2x.png */ = {isa = PBXFileReference; lastKnownFileType = image.png; path = "loading_28@2x.png"; sourceTree = "<group>"; };
		6549EEFD1FB4683A0084DB80 /* loading_29@2x.png */ = {isa = PBXFileReference; lastKnownFileType = image.png; path = "loading_29@2x.png"; sourceTree = "<group>"; };
		6549EEFE1FB4683A0084DB80 /* loading_2@2x.png */ = {isa = PBXFileReference; lastKnownFileType = image.png; path = "loading_2@2x.png"; sourceTree = "<group>"; };
		6549EEFF1FB4683A0084DB80 /* loading_3@2x.png */ = {isa = PBXFileReference; lastKnownFileType = image.png; path = "loading_3@2x.png"; sourceTree = "<group>"; };
		6549EF001FB4683A0084DB80 /* loading_4@2x.png */ = {isa = PBXFileReference; lastKnownFileType = image.png; path = "loading_4@2x.png"; sourceTree = "<group>"; };
		6549EF011FB4683A0084DB80 /* loading_5@2x.png */ = {isa = PBXFileReference; lastKnownFileType = image.png; path = "loading_5@2x.png"; sourceTree = "<group>"; };
		6549EF021FB4683A0084DB80 /* loading_6@2x.png */ = {isa = PBXFileReference; lastKnownFileType = image.png; path = "loading_6@2x.png"; sourceTree = "<group>"; };
		6549EF031FB4683A0084DB80 /* loading_7@2x.png */ = {isa = PBXFileReference; lastKnownFileType = image.png; path = "loading_7@2x.png"; sourceTree = "<group>"; };
		6549EF041FB4683A0084DB80 /* loading_8@2x.png */ = {isa = PBXFileReference; lastKnownFileType = image.png; path = "loading_8@2x.png"; sourceTree = "<group>"; };
		6549EF051FB4683A0084DB80 /* loading_9@2x.png */ = {isa = PBXFileReference; lastKnownFileType = image.png; path = "loading_9@2x.png"; sourceTree = "<group>"; };
		657689F61F9F06640001219F /* libz.tbd */ = {isa = PBXFileReference; lastKnownFileType = "sourcecode.text-based-dylib-definition"; name = libz.tbd; path = usr/lib/libz.tbd; sourceTree = SDKROOT; };
		657689FB1F9F0BCB0001219F /* NXWebpEncoder.h */ = {isa = PBXFileReference; fileEncoding = 4; lastKnownFileType = sourcecode.c.h; path = NXWebpEncoder.h; sourceTree = "<group>"; };
		657689FC1F9F0BCB0001219F /* NXWebpEncoder.m */ = {isa = PBXFileReference; fileEncoding = 4; lastKnownFileType = sourcecode.c.objc; path = NXWebpEncoder.m; sourceTree = "<group>"; };
		65C5524F1FA03D980093E5B5 /* Chess.icns */ = {isa = PBXFileReference; lastKnownFileType = image.icns; path = Chess.icns; sourceTree = "<group>"; };
		65F713781F9EF67A00B692F7 /* WebPTools.app */ = {isa = PBXFileReference; explicitFileType = wrapper.application; includeInIndex = 0; path = WebPTools.app; sourceTree = BUILT_PRODUCTS_DIR; };
		65F7137B1F9EF67A00B692F7 /* AppDelegate.h */ = {isa = PBXFileReference; lastKnownFileType = sourcecode.c.h; path = AppDelegate.h; sourceTree = "<group>"; };
		65F7137C1F9EF67A00B692F7 /* AppDelegate.m */ = {isa = PBXFileReference; lastKnownFileType = sourcecode.c.objc; path = AppDelegate.m; sourceTree = "<group>"; };
		65F7137F1F9EF67A00B692F7 /* main.m */ = {isa = PBXFileReference; lastKnownFileType = sourcecode.c.objc; path = main.m; sourceTree = "<group>"; };
		65F713811F9EF67A00B692F7 /* ViewController.h */ = {isa = PBXFileReference; lastKnownFileType = sourcecode.c.h; path = ViewController.h; sourceTree = "<group>"; };
		65F713821F9EF67A00B692F7 /* ViewController.m */ = {isa = PBXFileReference; lastKnownFileType = sourcecode.c.objc; path = ViewController.m; sourceTree = "<group>"; };
		65F713841F9EF67A00B692F7 /* Assets.xcassets */ = {isa = PBXFileReference; lastKnownFileType = folder.assetcatalog; path = Assets.xcassets; sourceTree = "<group>"; };
		65F713871F9EF67A00B692F7 /* Base */ = {isa = PBXFileReference; lastKnownFileType = file.storyboard; name = Base; path = Base.lproj/Main.storyboard; sourceTree = "<group>"; };
		65F713891F9EF67A00B692F7 /* Info.plist */ = {isa = PBXFileReference; lastKnownFileType = text.plist.xml; path = Info.plist; sourceTree = "<group>"; };
		65F7138E1F9EF67A00B692F7 /* WebPToolsTests.xctest */ = {isa = PBXFileReference; explicitFileType = wrapper.cfbundle; includeInIndex = 0; path = WebPToolsTests.xctest; sourceTree = BUILT_PRODUCTS_DIR; };
		65F713921F9EF67A00B692F7 /* WebPToolsTests.m */ = {isa = PBXFileReference; lastKnownFileType = sourcecode.c.objc; path = WebPToolsTests.m; sourceTree = "<group>"; };
		65F713941F9EF67A00B692F7 /* Info.plist */ = {isa = PBXFileReference; lastKnownFileType = text.plist.xml; path = Info.plist; sourceTree = "<group>"; };
		65F713991F9EF67A00B692F7 /* WebPToolsUITests.xctest */ = {isa = PBXFileReference; explicitFileType = wrapper.cfbundle; includeInIndex = 0; path = WebPToolsUITests.xctest; sourceTree = BUILT_PRODUCTS_DIR; };
		65F7139D1F9EF67A00B692F7 /* WebPToolsUITests.m */ = {isa = PBXFileReference; lastKnownFileType = sourcecode.c.objc; path = WebPToolsUITests.m; sourceTree = "<group>"; };
		65F7139F1F9EF67A00B692F7 /* Info.plist */ = {isa = PBXFileReference; lastKnownFileType = text.plist.xml; path = Info.plist; sourceTree = "<group>"; };
		66366CF17CDCF8E1D1DC2742 /* Pods-WebPTools.release.xcconfig */ = {isa = PBXFileReference; includeInIndex = 1; lastKnownFileType = text.xcconfig; name = "Pods-WebPTools.release.xcconfig"; path = "Pods/Target Support Files/Pods-WebPTools/Pods-WebPTools.release.xcconfig"; sourceTree = "<group>"; };
		6D1E97E7F4E619B38F3B6250 /* Pods-WebPTools.debug.xcconfig */ = {isa = PBXFileReference; includeInIndex = 1; lastKnownFileType = text.xcconfig; name = "Pods-WebPTools.debug.xcconfig"; path = "Pods/Target Support Files/Pods-WebPTools/Pods-WebPTools.debug.xcconfig"; sourceTree = "<group>"; };
		72ED2D1AF18AAF0827C6DBF6 /* libPods-WebPToolsTests.a */ = {isa = PBXFileReference; explicitFileType = archive.ar; includeInIndex = 0; path = "libPods-WebPToolsTests.a"; sourceTree = BUILT_PRODUCTS_DIR; };
		BAFC111409E8CA97DF4D0215 /* libPods-WebPToolsUITests.a */ = {isa = PBXFileReference; explicitFileType = archive.ar; includeInIndex = 0; path = "libPods-WebPToolsUITests.a"; sourceTree = BUILT_PRODUCTS_DIR; };
/* End PBXFileReference section */

/* Begin PBXFrameworksBuildPhase section */
		65F713751F9EF67A00B692F7 /* Frameworks */ = {
			isa = PBXFrameworksBuildPhase;
			buildActionMask = 2147483647;
			files = (
				657689F71F9F06640001219F /* libz.tbd in Frameworks */,
				B67D38C1B20B9D3C9B7E3313 /* libPods-WebPTools.a in Frameworks */,
			);
			runOnlyForDeploymentPostprocessing = 0;
		};
		65F7138B1F9EF67A00B692F7 /* Frameworks */ = {
			isa = PBXFrameworksBuildPhase;
			buildActionMask = 2147483647;
			files = (
				E8F99F71F2AC6834A5C9D1BA /* libPods-WebPToolsTests.a in Frameworks */,
			);
			runOnlyForDeploymentPostprocessing = 0;
		};
		65F713961F9EF67A00B692F7 /* Frameworks */ = {
			isa = PBXFrameworksBuildPhase;
			buildActionMask = 2147483647;
			files = (
				142D13BE500434649BF9E7A2 /* libPods-WebPToolsUITests.a in Frameworks */,
			);
			runOnlyForDeploymentPostprocessing = 0;
		};
/* End PBXFrameworksBuildPhase section */

/* Begin PBXGroup section */
		6549EEE71FB4683A0084DB80 /* loading */ = {
			isa = PBXGroup;
			children = (
				6549EEE81FB4683A0084DB80 /* loading_0@2x.png */,
				6549EEE91FB4683A0084DB80 /* loading_10@2x.png */,
				6549EEEA1FB4683A0084DB80 /* loading_11@2x.png */,
				6549EEEB1FB4683A0084DB80 /* loading_12@2x.png */,
				6549EEEC1FB4683A0084DB80 /* loading_13@2x.png */,
				6549EEED1FB4683A0084DB80 /* loading_14@2x.png */,
				6549EEEE1FB4683A0084DB80 /* loading_15@2x.png */,
				6549EEEF1FB4683A0084DB80 /* loading_16@2x.png */,
				6549EEF01FB4683A0084DB80 /* loading_17@2x.png */,
				6549EEF11FB4683A0084DB80 /* loading_18@2x.png */,
				6549EEF21FB4683A0084DB80 /* loading_19@2x.png */,
				6549EEF31FB4683A0084DB80 /* loading_1@2x.png */,
				6549EEF41FB4683A0084DB80 /* loading_20@2x.png */,
				6549EEF51FB4683A0084DB80 /* loading_21@2x.png */,
				6549EEF61FB4683A0084DB80 /* loading_22@2x.png */,
				6549EEF71FB4683A0084DB80 /* loading_23@2x.png */,
				6549EEF81FB4683A0084DB80 /* loading_24@2x.png */,
				6549EEF91FB4683A0084DB80 /* loading_25@2x.png */,
				6549EEFA1FB4683A0084DB80 /* loading_26@2x.png */,
				6549EEFB1FB4683A0084DB80 /* loading_27@2x.png */,
				6549EEFC1FB4683A0084DB80 /* loading_28@2x.png */,
				6549EEFD1FB4683A0084DB80 /* loading_29@2x.png */,
				6549EEFE1FB4683A0084DB80 /* loading_2@2x.png */,
				6549EEFF1FB4683A0084DB80 /* loading_3@2x.png */,
				6549EF001FB4683A0084DB80 /* loading_4@2x.png */,
				6549EF011FB4683A0084DB80 /* loading_5@2x.png */,
				6549EF021FB4683A0084DB80 /* loading_6@2x.png */,
				6549EF031FB4683A0084DB80 /* loading_7@2x.png */,
				6549EF041FB4683A0084DB80 /* loading_8@2x.png */,
				6549EF051FB4683A0084DB80 /* loading_9@2x.png */,
			);
			path = loading;
			sourceTree = "<group>";
		};
		657689F51F9F06640001219F /* Frameworks */ = {
			isa = PBXGroup;
			children = (
				657689F61F9F06640001219F /* libz.tbd */,
				4CFAD6EE96F7F397CE9851E8 /* libPods-WebPTools.a */,
				72ED2D1AF18AAF0827C6DBF6 /* libPods-WebPToolsTests.a */,
				BAFC111409E8CA97DF4D0215 /* libPods-WebPToolsUITests.a */,
			);
			name = Frameworks;
			sourceTree = "<group>";
		};
		65F7136F1F9EF67A00B692F7 = {
			isa = PBXGroup;
			children = (
				6549EEE71FB4683A0084DB80 /* loading */,
				65F7137A1F9EF67A00B692F7 /* WebPTools */,
				65F713911F9EF67A00B692F7 /* WebPToolsTests */,
				65F7139C1F9EF67A00B692F7 /* WebPToolsUITests */,
				65F713791F9EF67A00B692F7 /* Products */,
				657689F51F9F06640001219F /* Frameworks */,
				885F551B6A89B946DC110D95 /* Pods */,
			);
			sourceTree = "<group>";
		};
		65F713791F9EF67A00B692F7 /* Products */ = {
			isa = PBXGroup;
			children = (
				65F713781F9EF67A00B692F7 /* WebPTools.app */,
				65F7138E1F9EF67A00B692F7 /* WebPToolsTests.xctest */,
				65F713991F9EF67A00B692F7 /* WebPToolsUITests.xctest */,
			);
			name = Products;
			sourceTree = "<group>";
		};
		65F7137A1F9EF67A00B692F7 /* WebPTools */ = {
			isa = PBXGroup;
			children = (
				65C5524F1FA03D980093E5B5 /* Chess.icns */,
				65F7137B1F9EF67A00B692F7 /* AppDelegate.h */,
				65F7137C1F9EF67A00B692F7 /* AppDelegate.m */,
				65F713811F9EF67A00B692F7 /* ViewController.h */,
				65F713821F9EF67A00B692F7 /* ViewController.m */,
				65F713841F9EF67A00B692F7 /* Assets.xcassets */,
				65F713861F9EF67A00B692F7 /* Main.storyboard */,
				65F713891F9EF67A00B692F7 /* Info.plist */,
				65F7137E1F9EF67A00B692F7 /* Supporting Files */,
				657689FB1F9F0BCB0001219F /* NXWebpEncoder.h */,
				657689FC1F9F0BCB0001219F /* NXWebpEncoder.m */,
			);
			path = WebPTools;
			sourceTree = "<group>";
		};
		65F7137E1F9EF67A00B692F7 /* Supporting Files */ = {
			isa = PBXGroup;
			children = (
				65F7137F1F9EF67A00B692F7 /* main.m */,
			);
			name = "Supporting Files";
			sourceTree = "<group>";
		};
		65F713911F9EF67A00B692F7 /* WebPToolsTests */ = {
			isa = PBXGroup;
			children = (
				65F713921F9EF67A00B692F7 /* WebPToolsTests.m */,
				65F713941F9EF67A00B692F7 /* Info.plist */,
			);
			path = WebPToolsTests;
			sourceTree = "<group>";
		};
		65F7139C1F9EF67A00B692F7 /* WebPToolsUITests */ = {
			isa = PBXGroup;
			children = (
				65F7139D1F9EF67A00B692F7 /* WebPToolsUITests.m */,
				65F7139F1F9EF67A00B692F7 /* Info.plist */,
			);
			path = WebPToolsUITests;
			sourceTree = "<group>";
		};
		885F551B6A89B946DC110D95 /* Pods */ = {
			isa = PBXGroup;
			children = (
				6D1E97E7F4E619B38F3B6250 /* Pods-WebPTools.debug.xcconfig */,
				66366CF17CDCF8E1D1DC2742 /* Pods-WebPTools.release.xcconfig */,
				496CEB723CD91E4BDEDA6EAD /* Pods-WebPToolsTests.debug.xcconfig */,
				05EC15178D79C89AD38D6AD6 /* Pods-WebPToolsTests.release.xcconfig */,
				5F0F3B2A4F07AD8600F20E3B /* Pods-WebPToolsUITests.debug.xcconfig */,
				0CB78A95339370E73F7CFD65 /* Pods-WebPToolsUITests.release.xcconfig */,
			);
			name = Pods;
			sourceTree = "<group>";
		};
/* End PBXGroup section */

/* Begin PBXNativeTarget section */
		65F713771F9EF67A00B692F7 /* WebPTools */ = {
			isa = PBXNativeTarget;
			buildConfigurationList = 65F713A21F9EF67A00B692F7 /* Build configuration list for PBXNativeTarget "WebPTools" */;
			buildPhases = (
				E3DF4DDF578A3280D475323B /* [CP] Check Pods Manifest.lock */,
				65F713741F9EF67A00B692F7 /* Sources */,
				65F713751F9EF67A00B692F7 /* Frameworks */,
				65F713761F9EF67A00B692F7 /* Resources */,
				9785C1E5073B62AFBCC8B053 /* [CP] Embed Pods Frameworks */,
				1964C7E7BFE7D906B8951636 /* [CP] Copy Pods Resources */,
			);
			buildRules = (
			);
			dependencies = (
			);
			name = WebPTools;
			productName = WebPTools;
			productReference = 65F713781F9EF67A00B692F7 /* WebPTools.app */;
			productType = "com.apple.product-type.application";
		};
		65F7138D1F9EF67A00B692F7 /* WebPToolsTests */ = {
			isa = PBXNativeTarget;
			buildConfigurationList = 65F713A51F9EF67A00B692F7 /* Build configuration list for PBXNativeTarget "WebPToolsTests" */;
			buildPhases = (
				63DA698FD266D666A0AD67BC /* [CP] Check Pods Manifest.lock */,
				65F7138A1F9EF67A00B692F7 /* Sources */,
				65F7138B1F9EF67A00B692F7 /* Frameworks */,
				65F7138C1F9EF67A00B692F7 /* Resources */,
				CF9EC7BA1944A56423DFC5EB /* [CP] Embed Pods Frameworks */,
				CE5B3A9160D419A97F7DBDBD /* [CP] Copy Pods Resources */,
			);
			buildRules = (
			);
			dependencies = (
				65F713901F9EF67A00B692F7 /* PBXTargetDependency */,
			);
			name = WebPToolsTests;
			productName = WebPToolsTests;
			productReference = 65F7138E1F9EF67A00B692F7 /* WebPToolsTests.xctest */;
			productType = "com.apple.product-type.bundle.unit-test";
		};
		65F713981F9EF67A00B692F7 /* WebPToolsUITests */ = {
			isa = PBXNativeTarget;
			buildConfigurationList = 65F713A81F9EF67A00B692F7 /* Build configuration list for PBXNativeTarget "WebPToolsUITests" */;
			buildPhases = (
				08E9B0B8325BFF5685CCEF88 /* [CP] Check Pods Manifest.lock */,
				65F713951F9EF67A00B692F7 /* Sources */,
				65F713961F9EF67A00B692F7 /* Frameworks */,
				65F713971F9EF67A00B692F7 /* Resources */,
				05DF27CE275283765460CED5 /* [CP] Embed Pods Frameworks */,
				CA602341C16FBECF34B86520 /* [CP] Copy Pods Resources */,
			);
			buildRules = (
			);
			dependencies = (
				65F7139B1F9EF67A00B692F7 /* PBXTargetDependency */,
			);
			name = WebPToolsUITests;
			productName = WebPToolsUITests;
			productReference = 65F713991F9EF67A00B692F7 /* WebPToolsUITests.xctest */;
			productType = "com.apple.product-type.bundle.ui-testing";
		};
/* End PBXNativeTarget section */

/* Begin PBXProject section */
		65F713701F9EF67A00B692F7 /* Project object */ = {
			isa = PBXProject;
			attributes = {
				LastUpgradeCheck = 0830;
				ORGANIZATIONNAME = chen;
				TargetAttributes = {
					659BEAD720732FED00BA7BD7 = {
						CreatedOnToolsVersion = 9.2;
						ProvisioningStyle = Automatic;
					};
					65F713771F9EF67A00B692F7 = {
						CreatedOnToolsVersion = 8.3.3;
						DevelopmentTeam = S7V76DP4SC;
						ProvisioningStyle = Automatic;
					};
					65F7138D1F9EF67A00B692F7 = {
						CreatedOnToolsVersion = 8.3.3;
						ProvisioningStyle = Automatic;
						TestTargetID = 65F713771F9EF67A00B692F7;
					};
					65F713981F9EF67A00B692F7 = {
						CreatedOnToolsVersion = 8.3.3;
						ProvisioningStyle = Automatic;
						TestTargetID = 65F713771F9EF67A00B692F7;
					};
				};
			};
			buildConfigurationList = 65F713731F9EF67A00B692F7 /* Build configuration list for PBXProject "WebPTools" */;
			compatibilityVersion = "Xcode 3.2";
			developmentRegion = English;
			hasScannedForEncodings = 0;
			knownRegions = (
				en,
				Base,
			);
			mainGroup = 65F7136F1F9EF67A00B692F7;
			productRefGroup = 65F713791F9EF67A00B692F7 /* Products */;
			projectDirPath = "";
			projectRoot = "";
			targets = (
				65F713771F9EF67A00B692F7 /* WebPTools */,
				65F7138D1F9EF67A00B692F7 /* WebPToolsTests */,
				65F713981F9EF67A00B692F7 /* WebPToolsUITests */,
				659BEAD720732FED00BA7BD7 /* doc */,
			);
		};
/* End PBXProject section */

/* Begin PBXResourcesBuildPhase section */
		65F713761F9EF67A00B692F7 /* Resources */ = {
			isa = PBXResourcesBuildPhase;
			buildActionMask = 2147483647;
			files = (
				65F713851F9EF67A00B692F7 /* Assets.xcassets in Resources */,
				6549EF0B1FB4683A0084DB80 /* loading_14@2x.png in Resources */,
				6549EF221FB4683A0084DB80 /* loading_8@2x.png in Resources */,
				6549EF231FB4683A0084DB80 /* loading_9@2x.png in Resources */,
				6549EF111FB4683A0084DB80 /* loading_1@2x.png in Resources */,
				6549EF091FB4683A0084DB80 /* loading_12@2x.png in Resources */,
				6549EF0F1FB4683A0084DB80 /* loading_18@2x.png in Resources */,
				6549EF0E1FB4683A0084DB80 /* loading_17@2x.png in Resources */,
				6549EF1E1FB4683A0084DB80 /* loading_4@2x.png in Resources */,
				6549EF0C1FB4683A0084DB80 /* loading_15@2x.png in Resources */,
				6549EF211FB4683A0084DB80 /* loading_7@2x.png in Resources */,
				6549EF081FB4683A0084DB80 /* loading_11@2x.png in Resources */,
				6549EF151FB4683A0084DB80 /* loading_23@2x.png in Resources */,
				6549EF161FB4683A0084DB80 /* loading_24@2x.png in Resources */,
				65F713881F9EF67A00B692F7 /* Main.storyboard in Resources */,
				6549EF201FB4683A0084DB80 /* loading_6@2x.png in Resources */,
				6549EF131FB4683A0084DB80 /* loading_21@2x.png in Resources */,
				6549EF191FB4683A0084DB80 /* loading_27@2x.png in Resources */,
				6549EF171FB4683A0084DB80 /* loading_25@2x.png in Resources */,
				6549EF061FB4683A0084DB80 /* loading_0@2x.png in Resources */,
				65C552501FA03D980093E5B5 /* Chess.icns in Resources */,
				6549EF071FB4683A0084DB80 /* loading_10@2x.png in Resources */,
				6549EF0D1FB4683A0084DB80 /* loading_16@2x.png in Resources */,
				6549EF1C1FB4683A0084DB80 /* loading_2@2x.png in Resources */,
				6549EF121FB4683A0084DB80 /* loading_20@2x.png in Resources */,
				6549EF141FB4683A0084DB80 /* loading_22@2x.png in Resources */,
				6549EF1F1FB4683A0084DB80 /* loading_5@2x.png in Resources */,
				6549EF181FB4683A0084DB80 /* loading_26@2x.png in Resources */,
				6549EF1A1FB4683A0084DB80 /* loading_28@2x.png in Resources */,
				6549EF0A1FB4683A0084DB80 /* loading_13@2x.png in Resources */,
				6549EF1D1FB4683A0084DB80 /* loading_3@2x.png in Resources */,
				6549EF1B1FB4683A0084DB80 /* loading_29@2x.png in Resources */,
				6549EF101FB4683A0084DB80 /* loading_19@2x.png in Resources */,
			);
			runOnlyForDeploymentPostprocessing = 0;
		};
		65F7138C1F9EF67A00B692F7 /* Resources */ = {
			isa = PBXResourcesBuildPhase;
			buildActionMask = 2147483647;
			files = (
			);
			runOnlyForDeploymentPostprocessing = 0;
		};
		65F713971F9EF67A00B692F7 /* Resources */ = {
			isa = PBXResourcesBuildPhase;
			buildActionMask = 2147483647;
			files = (
			);
			runOnlyForDeploymentPostprocessing = 0;
		};
/* End PBXResourcesBuildPhase section */

/* Begin PBXShellScriptBuildPhase section */
		05DF27CE275283765460CED5 /* [CP] Embed Pods Frameworks */ = {
			isa = PBXShellScriptBuildPhase;
			buildActionMask = 2147483647;
			files = (
			);
			inputPaths = (
			);
			name = "[CP] Embed Pods Frameworks";
			outputPaths = (
			);
			runOnlyForDeploymentPostprocessing = 0;
			shellPath = /bin/sh;
			shellScript = "\"${SRCROOT}/Pods/Target Support Files/Pods-WebPToolsUITests/Pods-WebPToolsUITests-frameworks.sh\"\n";
			showEnvVarsInLog = 0;
		};
		08E9B0B8325BFF5685CCEF88 /* [CP] Check Pods Manifest.lock */ = {
			isa = PBXShellScriptBuildPhase;
			buildActionMask = 2147483647;
			files = (
			);
			inputPaths = (
				"${PODS_PODFILE_DIR_PATH}/Podfile.lock",
				"${PODS_ROOT}/Manifest.lock",
			);
			name = "[CP] Check Pods Manifest.lock";
			outputPaths = (
				"$(DERIVED_FILE_DIR)/Pods-WebPToolsUITests-checkManifestLockResult.txt",
			);
			runOnlyForDeploymentPostprocessing = 0;
			shellPath = /bin/sh;
			shellScript = "diff \"${PODS_PODFILE_DIR_PATH}/Podfile.lock\" \"${PODS_ROOT}/Manifest.lock\" > /dev/null\nif [ $? != 0 ] ; then\n    # print error to STDERR\n    echo \"error: The sandbox is not in sync with the Podfile.lock. Run 'pod install' or update your CocoaPods installation.\" >&2\n    exit 1\nfi\n# This output is used by Xcode 'outputs' to avoid re-running this script phase.\necho \"SUCCESS\" > \"${SCRIPT_OUTPUT_FILE_0}\"\n";
			showEnvVarsInLog = 0;
		};
		1964C7E7BFE7D906B8951636 /* [CP] Copy Pods Resources */ = {
			isa = PBXShellScriptBuildPhase;
			buildActionMask = 2147483647;
			files = (
			);
			inputPaths = (
			);
			name = "[CP] Copy Pods Resources";
			outputPaths = (
			);
			runOnlyForDeploymentPostprocessing = 0;
			shellPath = /bin/sh;
			shellScript = "\"${SRCROOT}/Pods/Target Support Files/Pods-WebPTools/Pods-WebPTools-resources.sh\"\n";
			showEnvVarsInLog = 0;
		};
		63DA698FD266D666A0AD67BC /* [CP] Check Pods Manifest.lock */ = {
			isa = PBXShellScriptBuildPhase;
			buildActionMask = 2147483647;
			files = (
			);
			inputPaths = (
				"${PODS_PODFILE_DIR_PATH}/Podfile.lock",
				"${PODS_ROOT}/Manifest.lock",
			);
			name = "[CP] Check Pods Manifest.lock";
			outputPaths = (
				"$(DERIVED_FILE_DIR)/Pods-WebPToolsTests-checkManifestLockResult.txt",
			);
			runOnlyForDeploymentPostprocessing = 0;
			shellPath = /bin/sh;
			shellScript = "diff \"${PODS_PODFILE_DIR_PATH}/Podfile.lock\" \"${PODS_ROOT}/Manifest.lock\" > /dev/null\nif [ $? != 0 ] ; then\n    # print error to STDERR\n    echo \"error: The sandbox is not in sync with the Podfile.lock. Run 'pod install' or update your CocoaPods installation.\" >&2\n    exit 1\nfi\n# This output is used by Xcode 'outputs' to avoid re-running this script phase.\necho \"SUCCESS\" > \"${SCRIPT_OUTPUT_FILE_0}\"\n";
			showEnvVarsInLog = 0;
		};
		659BEADB20732FF900BA7BD7 /* ShellScript */ = {
			isa = PBXShellScriptBuildPhase;
			buildActionMask = 2147483647;
			files = (
			);
			inputPaths = (
			);
			outputPaths = (
			);
			runOnlyForDeploymentPostprocessing = 0;
			shellPath = /bin/sh;
			shellScript = "#appledoc Xcode script\n# Start constants\ncompany=\"yoyo\";\ncompanyID=\"com.yoyo\";\ncompanyURL=\"http://yoyo.com\";\ntarget=\"iphoneos\";\n#target=\"macosx\";\noutputPath=\"~/help\";\n# End constants\n/usr/local/bin/appledoc \\\n--project-name \"${PROJECT_NAME}\" \\\n--project-company \"${company}\" \\\n--company-id \"${companyID}\" \\\n--docset-atom-filename \"${company}.atom\" \\\n--docset-feed-url \"${companyURL}/${company}/%DOCSETATOMFILENAME\" \\\n--docset-package-url \"${companyURL}/${company}/%DOCSETPACKAGEFILENAME\" \\\n--docset-fallback-url \"${companyURL}/${company}\" \\\n--output \"${outputPath}\" \\\n--publish-docset \\\n--docset-platform-family \"${target}\" \\\n--logformat xcode \\\n--keep-intermediate-files \\\n--no-repeat-first-par \\\n--no-warn-invalid-crossref \\\n--exit-threshold 2 \\\n\"${PROJECT_DIR}\"";
		};
		9785C1E5073B62AFBCC8B053 /* [CP] Embed Pods Frameworks */ = {
			isa = PBXShellScriptBuildPhase;
			buildActionMask = 2147483647;
			files = (
			);
			inputPaths = (
			);
			name = "[CP] Embed Pods Frameworks";
			outputPaths = (
			);
			runOnlyForDeploymentPostprocessing = 0;
			shellPath = /bin/sh;
			shellScript = "\"${SRCROOT}/Pods/Target Support Files/Pods-WebPTools/Pods-WebPTools-frameworks.sh\"\n";
			showEnvVarsInLog = 0;
		};
		CA602341C16FBECF34B86520 /* [CP] Copy Pods Resources */ = {
			isa = PBXShellScriptBuildPhase;
			buildActionMask = 2147483647;
			files = (
			);
			inputPaths = (
			);
			name = "[CP] Copy Pods Resources";
			outputPaths = (
			);
			runOnlyForDeploymentPostprocessing = 0;
			shellPath = /bin/sh;
			shellScript = "\"${SRCROOT}/Pods/Target Support Files/Pods-WebPToolsUITests/Pods-WebPToolsUITests-resources.sh\"\n";
			showEnvVarsInLog = 0;
		};
		CE5B3A9160D419A97F7DBDBD /* [CP] Copy Pods Resources */ = {
			isa = PBXShellScriptBuildPhase;
			buildActionMask = 2147483647;
			files = (
			);
			inputPaths = (
			);
			name = "[CP] Copy Pods Resources";
			outputPaths = (
			);
			runOnlyForDeploymentPostprocessing = 0;
			shellPath = /bin/sh;
			shellScript = "\"${SRCROOT}/Pods/Target Support Files/Pods-WebPToolsTests/Pods-WebPToolsTests-resources.sh\"\n";
			showEnvVarsInLog = 0;
		};
		CF9EC7BA1944A56423DFC5EB /* [CP] Embed Pods Frameworks */ = {
			isa = PBXShellScriptBuildPhase;
			buildActionMask = 2147483647;
			files = (
			);
			inputPaths = (
			);
			name = "[CP] Embed Pods Frameworks";
			outputPaths = (
			);
			runOnlyForDeploymentPostprocessing = 0;
			shellPath = /bin/sh;
			shellScript = "\"${SRCROOT}/Pods/Target Support Files/Pods-WebPToolsTests/Pods-WebPToolsTests-frameworks.sh\"\n";
			showEnvVarsInLog = 0;
		};
		E3DF4DDF578A3280D475323B /* [CP] Check Pods Manifest.lock */ = {
			isa = PBXShellScriptBuildPhase;
			buildActionMask = 2147483647;
			files = (
			);
			inputPaths = (
				"${PODS_PODFILE_DIR_PATH}/Podfile.lock",
				"${PODS_ROOT}/Manifest.lock",
			);
			name = "[CP] Check Pods Manifest.lock";
			outputPaths = (
				"$(DERIVED_FILE_DIR)/Pods-WebPTools-checkManifestLockResult.txt",
			);
			runOnlyForDeploymentPostprocessing = 0;
			shellPath = /bin/sh;
			shellScript = "diff \"${PODS_PODFILE_DIR_PATH}/Podfile.lock\" \"${PODS_ROOT}/Manifest.lock\" > /dev/null\nif [ $? != 0 ] ; then\n    # print error to STDERR\n    echo \"error: The sandbox is not in sync with the Podfile.lock. Run 'pod install' or update your CocoaPods installation.\" >&2\n    exit 1\nfi\n# This output is used by Xcode 'outputs' to avoid re-running this script phase.\necho \"SUCCESS\" > \"${SCRIPT_OUTPUT_FILE_0}\"\n";
			showEnvVarsInLog = 0;
		};
/* End PBXShellScriptBuildPhase section */

/* Begin PBXSourcesBuildPhase section */
		65F713741F9EF67A00B692F7 /* Sources */ = {
			isa = PBXSourcesBuildPhase;
			buildActionMask = 2147483647;
			files = (
				65F713831F9EF67A00B692F7 /* ViewController.m in Sources */,
				65F713801F9EF67A00B692F7 /* main.m in Sources */,
				657689FD1F9F0BCB0001219F /* NXWebpEncoder.m in Sources */,
				65F7137D1F9EF67A00B692F7 /* AppDelegate.m in Sources */,
			);
			runOnlyForDeploymentPostprocessing = 0;
		};
		65F7138A1F9EF67A00B692F7 /* Sources */ = {
			isa = PBXSourcesBuildPhase;
			buildActionMask = 2147483647;
			files = (
				65F713931F9EF67A00B692F7 /* WebPToolsTests.m in Sources */,
			);
			runOnlyForDeploymentPostprocessing = 0;
		};
		65F713951F9EF67A00B692F7 /* Sources */ = {
			isa = PBXSourcesBuildPhase;
			buildActionMask = 2147483647;
			files = (
				65F7139E1F9EF67A00B692F7 /* WebPToolsUITests.m in Sources */,
			);
			runOnlyForDeploymentPostprocessing = 0;
		};
/* End PBXSourcesBuildPhase section */

/* Begin PBXTargetDependency section */
		65F713901F9EF67A00B692F7 /* PBXTargetDependency */ = {
			isa = PBXTargetDependency;
			target = 65F713771F9EF67A00B692F7 /* WebPTools */;
			targetProxy = 65F7138F1F9EF67A00B692F7 /* PBXContainerItemProxy */;
		};
		65F7139B1F9EF67A00B692F7 /* PBXTargetDependency */ = {
			isa = PBXTargetDependency;
			target = 65F713771F9EF67A00B692F7 /* WebPTools */;
			targetProxy = 65F7139A1F9EF67A00B692F7 /* PBXContainerItemProxy */;
		};
/* End PBXTargetDependency section */

/* Begin PBXVariantGroup section */
		65F713861F9EF67A00B692F7 /* Main.storyboard */ = {
			isa = PBXVariantGroup;
			children = (
				65F713871F9EF67A00B692F7 /* Base */,
			);
			name = Main.storyboard;
			sourceTree = "<group>";
		};
/* End PBXVariantGroup section */

/* Begin XCBuildConfiguration section */
		659BEAD820732FED00BA7BD7 /* Debug */ = {
			isa = XCBuildConfiguration;
			buildSettings = {
				CODE_SIGN_STYLE = Automatic;
				PRODUCT_NAME = "$(TARGET_NAME)";
			};
			name = Debug;
		};
		659BEAD920732FED00BA7BD7 /* Release */ = {
			isa = XCBuildConfiguration;
			buildSettings = {
				CODE_SIGN_STYLE = Automatic;
				PRODUCT_NAME = "$(TARGET_NAME)";
			};
			name = Release;
		};
		65F713A01F9EF67A00B692F7 /* Debug */ = {
			isa = XCBuildConfiguration;
			buildSettings = {
				ALWAYS_SEARCH_USER_PATHS = NO;
				CLANG_ANALYZER_NONNULL = YES;
				CLANG_ANALYZER_NUMBER_OBJECT_CONVERSION = YES_AGGRESSIVE;
				CLANG_CXX_LANGUAGE_STANDARD = "gnu++0x";
				CLANG_CXX_LIBRARY = "libc++";
				CLANG_ENABLE_MODULES = YES;
				CLANG_ENABLE_OBJC_ARC = YES;
				CLANG_WARN_BOOL_CONVERSION = YES;
				CLANG_WARN_CONSTANT_CONVERSION = YES;
				CLANG_WARN_DIRECT_OBJC_ISA_USAGE = YES_ERROR;
				CLANG_WARN_DOCUMENTATION_COMMENTS = YES;
				CLANG_WARN_EMPTY_BODY = YES;
				CLANG_WARN_ENUM_CONVERSION = YES;
				CLANG_WARN_INFINITE_RECURSION = YES;
				CLANG_WARN_INT_CONVERSION = YES;
				CLANG_WARN_OBJC_ROOT_CLASS = YES_ERROR;
				CLANG_WARN_SUSPICIOUS_MOVE = YES;
				CLANG_WARN_UNREACHABLE_CODE = YES;
				CLANG_WARN__DUPLICATE_METHOD_MATCH = YES;
				CODE_SIGN_IDENTITY = "-";
				COPY_PHASE_STRIP = NO;
				DEBUG_INFORMATION_FORMAT = dwarf;
				ENABLE_STRICT_OBJC_MSGSEND = YES;
				ENABLE_TESTABILITY = YES;
				GCC_C_LANGUAGE_STANDARD = gnu99;
				GCC_DYNAMIC_NO_PIC = NO;
				GCC_NO_COMMON_BLOCKS = YES;
				GCC_OPTIMIZATION_LEVEL = 0;
				GCC_PREPROCESSOR_DEFINITIONS = (
					"DEBUG=1",
					"$(inherited)",
				);
				GCC_WARN_64_TO_32_BIT_CONVERSION = YES;
				GCC_WARN_ABOUT_RETURN_TYPE = YES_ERROR;
				GCC_WARN_UNDECLARED_SELECTOR = YES;
				GCC_WARN_UNINITIALIZED_AUTOS = YES_AGGRESSIVE;
				GCC_WARN_UNUSED_FUNCTION = YES;
				GCC_WARN_UNUSED_VARIABLE = YES;
				MACOSX_DEPLOYMENT_TARGET = 10.12;
				MTL_ENABLE_DEBUG_INFO = YES;
				ONLY_ACTIVE_ARCH = YES;
				SDKROOT = macosx;
			};
			name = Debug;
		};
		65F713A11F9EF67A00B692F7 /* Release */ = {
			isa = XCBuildConfiguration;
			buildSettings = {
				ALWAYS_SEARCH_USER_PATHS = NO;
				CLANG_ANALYZER_NONNULL = YES;
				CLANG_ANALYZER_NUMBER_OBJECT_CONVERSION = YES_AGGRESSIVE;
				CLANG_CXX_LANGUAGE_STANDARD = "gnu++0x";
				CLANG_CXX_LIBRARY = "libc++";
				CLANG_ENABLE_MODULES = YES;
				CLANG_ENABLE_OBJC_ARC = YES;
				CLANG_WARN_BOOL_CONVERSION = YES;
				CLANG_WARN_CONSTANT_CONVERSION = YES;
				CLANG_WARN_DIRECT_OBJC_ISA_USAGE = YES_ERROR;
				CLANG_WARN_DOCUMENTATION_COMMENTS = YES;
				CLANG_WARN_EMPTY_BODY = YES;
				CLANG_WARN_ENUM_CONVERSION = YES;
				CLANG_WARN_INFINITE_RECURSION = YES;
				CLANG_WARN_INT_CONVERSION = YES;
				CLANG_WARN_OBJC_ROOT_CLASS = YES_ERROR;
				CLANG_WARN_SUSPICIOUS_MOVE = YES;
				CLANG_WARN_UNREACHABLE_CODE = YES;
				CLANG_WARN__DUPLICATE_METHOD_MATCH = YES;
				CODE_SIGN_IDENTITY = "-";
				COPY_PHASE_STRIP = NO;
				DEBUG_INFORMATION_FORMAT = "dwarf-with-dsym";
				ENABLE_NS_ASSERTIONS = NO;
				ENABLE_STRICT_OBJC_MSGSEND = YES;
				GCC_C_LANGUAGE_STANDARD = gnu99;
				GCC_NO_COMMON_BLOCKS = YES;
				GCC_WARN_64_TO_32_BIT_CONVERSION = YES;
				GCC_WARN_ABOUT_RETURN_TYPE = YES_ERROR;
				GCC_WARN_UNDECLARED_SELECTOR = YES;
				GCC_WARN_UNINITIALIZED_AUTOS = YES_AGGRESSIVE;
				GCC_WARN_UNUSED_FUNCTION = YES;
				GCC_WARN_UNUSED_VARIABLE = YES;
				MACOSX_DEPLOYMENT_TARGET = 10.12;
				MTL_ENABLE_DEBUG_INFO = NO;
				SDKROOT = macosx;
			};
			name = Release;
		};
		65F713A31F9EF67A00B692F7 /* Debug */ = {
			isa = XCBuildConfiguration;
			baseConfigurationReference = 6D1E97E7F4E619B38F3B6250 /* Pods-WebPTools.debug.xcconfig */;
			buildSettings = {
				ASSETCATALOG_COMPILER_APPICON_NAME = AppIcon;
				CODE_SIGN_IDENTITY = "Mac Developer";
				COMBINE_HIDPI_IMAGES = YES;
				DEVELOPMENT_TEAM = S7V76DP4SC;
				FRAMEWORK_SEARCH_PATHS = (
					"$(inherited)",
					"$(PROJECT_DIR)/WebPTools/WebP",
				);
				HEADER_SEARCH_PATHS = "";
				INFOPLIST_FILE = WebPTools/Info.plist;
				LD_RUNPATH_SEARCH_PATHS = "$(inherited) @executable_path/../Frameworks";
				LIBRARY_SEARCH_PATHS = (
					"$(inherited)",
					"$(PROJECT_DIR)/WebPTools/WebP/lib",
				);
				MACOSX_DEPLOYMENT_TARGET = 10.11;
				PRODUCT_BUNDLE_IDENTIFIER = testapp.WebPTools;
				PRODUCT_NAME = "$(TARGET_NAME)";
				PROVISIONING_PROFILE_SPECIFIER = "";
			};
			name = Debug;
		};
		65F713A41F9EF67A00B692F7 /* Release */ = {
			isa = XCBuildConfiguration;
			baseConfigurationReference = 66366CF17CDCF8E1D1DC2742 /* Pods-WebPTools.release.xcconfig */;
			buildSettings = {
				ASSETCATALOG_COMPILER_APPICON_NAME = AppIcon;
				CODE_SIGN_IDENTITY = "Mac Developer";
				COMBINE_HIDPI_IMAGES = YES;
				DEVELOPMENT_TEAM = S7V76DP4SC;
				FRAMEWORK_SEARCH_PATHS = (
					"$(inherited)",
					"$(PROJECT_DIR)/WebPTools/WebP",
				);
				INFOPLIST_FILE = WebPTools/Info.plist;
				LD_RUNPATH_SEARCH_PATHS = "$(inherited) @executable_path/../Frameworks";
				LIBRARY_SEARCH_PATHS = (
					"$(inherited)",
					"$(PROJECT_DIR)/WebPTools/WebP/lib",
				);
				MACOSX_DEPLOYMENT_TARGET = 10.11;
				PRODUCT_BUNDLE_IDENTIFIER = testapp.WebPTools;
				PRODUCT_NAME = "$(TARGET_NAME)";
				PROVISIONING_PROFILE_SPECIFIER = "";
			};
			name = Release;
		};
		65F713A61F9EF67A00B692F7 /* Debug */ = {
			isa = XCBuildConfiguration;
			baseConfigurationReference = 496CEB723CD91E4BDEDA6EAD /* Pods-WebPToolsTests.debug.xcconfig */;
			buildSettings = {
				BUNDLE_LOADER = "$(TEST_HOST)";
				COMBINE_HIDPI_IMAGES = YES;
				INFOPLIST_FILE = WebPToolsTests/Info.plist;
				LD_RUNPATH_SEARCH_PATHS = "$(inherited) @executable_path/../Frameworks @loader_path/../Frameworks";
				PRODUCT_BUNDLE_IDENTIFIER = testapp.WebPToolsTests;
				PRODUCT_NAME = "$(TARGET_NAME)";
				TEST_HOST = "$(BUILT_PRODUCTS_DIR)/WebPTools.app/Contents/MacOS/WebPTools";
			};
			name = Debug;
		};
		65F713A71F9EF67A00B692F7 /* Release */ = {
			isa = XCBuildConfiguration;
			baseConfigurationReference = 05EC15178D79C89AD38D6AD6 /* Pods-WebPToolsTests.release.xcconfig */;
			buildSettings = {
				BUNDLE_LOADER = "$(TEST_HOST)";
				COMBINE_HIDPI_IMAGES = YES;
				INFOPLIST_FILE = WebPToolsTests/Info.plist;
				LD_RUNPATH_SEARCH_PATHS = "$(inherited) @executable_path/../Frameworks @loader_path/../Frameworks";
				PRODUCT_BUNDLE_IDENTIFIER = testapp.WebPToolsTests;
				PRODUCT_NAME = "$(TARGET_NAME)";
				TEST_HOST = "$(BUILT_PRODUCTS_DIR)/WebPTools.app/Contents/MacOS/WebPTools";
			};
			name = Release;
		};
		65F713A91F9EF67A00B692F7 /* Debug */ = {
			isa = XCBuildConfiguration;
			baseConfigurationReference = 5F0F3B2A4F07AD8600F20E3B /* Pods-WebPToolsUITests.debug.xcconfig */;
			buildSettings = {
				COMBINE_HIDPI_IMAGES = YES;
				INFOPLIST_FILE = WebPToolsUITests/Info.plist;
				LD_RUNPATH_SEARCH_PATHS = "$(inherited) @executable_path/../Frameworks @loader_path/../Frameworks";
				PRODUCT_BUNDLE_IDENTIFIER = testapp.WebPToolsUITests;
				PRODUCT_NAME = "$(TARGET_NAME)";
				TEST_TARGET_NAME = WebPTools;
			};
			name = Debug;
		};
		65F713AA1F9EF67A00B692F7 /* Release */ = {
			isa = XCBuildConfiguration;
			baseConfigurationReference = 0CB78A95339370E73F7CFD65 /* Pods-WebPToolsUITests.release.xcconfig */;
			buildSettings = {
				COMBINE_HIDPI_IMAGES = YES;
				INFOPLIST_FILE = WebPToolsUITests/Info.plist;
				LD_RUNPATH_SEARCH_PATHS = "$(inherited) @executable_path/../Frameworks @loader_path/../Frameworks";
				PRODUCT_BUNDLE_IDENTIFIER = testapp.WebPToolsUITests;
				PRODUCT_NAME = "$(TARGET_NAME)";
				TEST_TARGET_NAME = WebPTools;
			};
			name = Release;
		};
/* End XCBuildConfiguration section */

/* Begin XCConfigurationList section */
		659BEADA20732FED00BA7BD7 /* Build configuration list for PBXAggregateTarget "doc" */ = {
			isa = XCConfigurationList;
			buildConfigurations = (
				659BEAD820732FED00BA7BD7 /* Debug */,
				659BEAD920732FED00BA7BD7 /* Release */,
			);
			defaultConfigurationIsVisible = 0;
			defaultConfigurationName = Release;
		};
		65F713731F9EF67A00B692F7 /* Build configuration list for PBXProject "WebPTools" */ = {
			isa = XCConfigurationList;
			buildConfigurations = (
				65F713A01F9EF67A00B692F7 /* Debug */,
				65F713A11F9EF67A00B692F7 /* Release */,
			);
			defaultConfigurationIsVisible = 0;
			defaultConfigurationName = Release;
		};
		65F713A21F9EF67A00B692F7 /* Build configuration list for PBXNativeTarget "WebPTools" */ = {
			isa = XCConfigurationList;
			buildConfigurations = (
				65F713A31F9EF67A00B692F7 /* Debug */,
				65F713A41F9EF67A00B692F7 /* Release */,
			);
			defaultConfigurationIsVisible = 0;
			defaultConfigurationName = Release;
		};
		65F713A51F9EF67A00B692F7 /* Build configuration list for PBXNativeTarget "WebPToolsTests" */ = {
			isa = XCConfigurationList;
			buildConfigurations = (
				65F713A61F9EF67A00B692F7 /* Debug */,
				65F713A71F9EF67A00B692F7 /* Release */,
			);
			defaultConfigurationIsVisible = 0;
			defaultConfigurationName = Release;
		};
		65F713A81F9EF67A00B692F7 /* Build configuration list for PBXNativeTarget "WebPToolsUITests" */ = {
			isa = XCConfigurationList;
			buildConfigurations = (
				65F713A91F9EF67A00B692F7 /* Debug */,
				65F713AA1F9EF67A00B692F7 /* Release */,
			);
			defaultConfigurationIsVisible = 0;
			defaultConfigurationName = Release;
		};
/* End XCConfigurationList section */
	};
	rootObject = 65F713701F9EF67A00B692F7 /* Project object */;
}
